
Microsoft Visual Studio Solution File, Format Version 12.00
# Visual Studio Version 16
VisualStudioVersion = 16.0.29519.181
MinimumVisualStudioVersion = 10.0.40219.1
Project("{9A19103F-16F7-4668-BE54-9A1E7A4F7556}") = "ECommerceAPI", "ECommerceAPI\ECommerceAPI.csproj", "{24595507-51C9-40A4-8806-8417BA9D78E7}"
EndProject
Project("{9A19103F-16F7-4668-BE54-9A1E7A4F7556}") = "Application", "Application\Application.csproj", "{434165A9-AB81-458B-A8CC-99FAE3B17B84}"
EndProject
Project("{9A19103F-16F7-4668-BE54-9A1E7A4F7556}") = "Domain", "Domain\Domain.csproj", "{7C02CF08-90CF-4D75-8527-5E2469375310}"
EndProject
Project("{9A19103F-16F7-4668-BE54-9A1E7A4F7556}") = "Infrastructure", "Infrastructure\Infrastructure.csproj", "{89395A03-42FF-4A96-B763-4AEA39E10E8C}"
EndProject
Project("{2150E333-8FDC-42A3-9474-1A3956D46DE8}") = "tests", "tests", "{2E932513-A038-4BEE-B661-50932BE5CAF8}"
EndProject
Project("{9A19103F-16F7-4668-BE54-9A1E7A4F7556}") = "Domain.UnitTests", "tests\Domain.UnitTests\Domain.UnitTests.csproj", "{06CD8632-CF02-4738-8179-4A647D6636FF}"
EndProject
Project("{FAE04EC0-301F-11D3-BF4B-00C04F79EFBC}") = "ECommerce.IntegrationTests", "tests\ECommerce.IntegrationTests\ECommerce.IntegrationTests.csproj", "{703EA1AB-7A2A-410A-8674-38DADE93AD5C}"
EndProject
Global
	GlobalSection(SolutionConfigurationPlatforms) = preSolution
		Debug|Any CPU = Debug|Any CPU
		Release|Any CPU = Release|Any CPU
	EndGlobalSection
	GlobalSection(ProjectConfigurationPlatforms) = postSolution
		{24595507-51C9-40A4-8806-8417BA9D78E7}.Debug|Any CPU.ActiveCfg = Debug|Any CPU
		{24595507-51C9-40A4-8806-8417BA9D78E7}.Debug|Any CPU.Build.0 = Debug|Any CPU
		{24595507-51C9-40A4-8806-8417BA9D78E7}.Release|Any CPU.ActiveCfg = Release|Any CPU
		{24595507-51C9-40A4-8806-8417BA9D78E7}.Release|Any CPU.Build.0 = Release|Any CPU
		{434165A9-AB81-458B-A8CC-99FAE3B17B84}.Debug|Any CPU.ActiveCfg = Debug|Any CPU
		{434165A9-AB81-458B-A8CC-99FAE3B17B84}.Debug|Any CPU.Build.0 = Debug|Any CPU
		{434165A9-AB81-458B-A8CC-99FAE3B17B84}.Release|Any CPU.ActiveCfg = Release|Any CPU
		{434165A9-AB81-458B-A8CC-99FAE3B17B84}.Release|Any CPU.Build.0 = Release|Any CPU
		{7C02CF08-90CF-4D75-8527-5E2469375310}.Debug|Any CPU.ActiveCfg = Debug|Any CPU
		{7C02CF08-90CF-4D75-8527-5E2469375310}.Debug|Any CPU.Build.0 = Debug|Any CPU
		{7C02CF08-90CF-4D75-8527-5E2469375310}.Release|Any CPU.ActiveCfg = Release|Any CPU
		{7C02CF08-90CF-4D75-8527-5E2469375310}.Release|Any CPU.Build.0 = Release|Any CPU
		{89395A03-42FF-4A96-B763-4AEA39E10E8C}.Debug|Any CPU.ActiveCfg = Debug|Any CPU
		{89395A03-42FF-4A96-B763-4AEA39E10E8C}.Debug|Any CPU.Build.0 = Debug|Any CPU
		{89395A03-42FF-4A96-B763-4AEA39E10E8C}.Release|Any CPU.ActiveCfg = Release|Any CPU
		{89395A03-42FF-4A96-B763-4AEA39E10E8C}.Release|Any CPU.Build.0 = Release|Any CPU
		{06CD8632-CF02-4738-8179-4A647D6636FF}.Debug|Any CPU.ActiveCfg = Debug|Any CPU
		{06CD8632-CF02-4738-8179-4A647D6636FF}.Debug|Any CPU.Build.0 = Debug|Any CPU
		{06CD8632-CF02-4738-8179-4A647D6636FF}.Release|Any CPU.ActiveCfg = Release|Any CPU
		{06CD8632-CF02-4738-8179-4A647D6636FF}.Release|Any CPU.Build.0 = Release|Any CPU
		{703EA1AB-7A2A-410A-8674-38DADE93AD5C}.Debug|Any CPU.ActiveCfg = Debug|Any CPU
		{703EA1AB-7A2A-410A-8674-38DADE93AD5C}.Debug|Any CPU.Build.0 = Debug|Any CPU
		{703EA1AB-7A2A-410A-8674-38DADE93AD5C}.Release|Any CPU.ActiveCfg = Release|Any CPU
		{703EA1AB-7A2A-410A-8674-38DADE93AD5C}.Release|Any CPU.Build.0 = Release|Any CPU
	EndGlobalSection
	GlobalSection(SolutionProperties) = preSolution
		HideSolutionNode = FALSE
	EndGlobalSection
	GlobalSection(NestedProjects) = preSolution
		{06CD8632-CF02-4738-8179-4A647D6636FF} = {2E932513-A038-4BEE-B661-50932BE5CAF8}
		{703EA1AB-7A2A-410A-8674-38DADE93AD5C} = {2E932513-A038-4BEE-B661-50932BE5CAF8}
	EndGlobalSection
	GlobalSection(ExtensibilityGlobals) = postSolution
		SolutionGuid = {3355B054-691F-493D-84DD-63D54B60098A}
	EndGlobalSection
EndGlobal
